
Microsoft Visual Studio Solution File, Format Version 12.00
# Visual Studio Version 17
VisualStudioVersion = 17.4.33205.214
MinimumVisualStudioVersion = 10.0.40219.1
Project("{9A19103F-16F7-4668-BE54-9A1E7A4F7556}") = "Command", "Command\Command.csproj", "{32748561-82F3-4BB5-BCF9-C97401B95D48}"
EndProject
Project("{FAE04EC0-301F-11D3-BF4B-00C04F79EFBC}") = "Mediator", "Mediator\Mediator.csproj", "{92A7B0E8-2AAC-4148-9765-A6DA5882234A}"
EndProject
Global
	GlobalSection(SolutionConfigurationPlatforms) = preSolution
		Debug|Any CPU = Debug|Any CPU
		Release|Any CPU = Release|Any CPU
	EndGlobalSection
	GlobalSection(ProjectConfigurationPlatforms) = postSolution
		{32748561-82F3-4BB5-BCF9-C97401B95D48}.Debug|Any CPU.ActiveCfg = Debug|Any CPU
		{32748561-82F3-4BB5-BCF9-C97401B95D48}.Debug|Any CPU.Build.0 = Debug|Any CPU
		{32748561-82F3-4BB5-BCF9-C97401B95D48}.Release|Any CPU.ActiveCfg = Release|Any CPU
		{32748561-82F3-4BB5-BCF9-C97401B95D48}.Release|Any CPU.Build.0 = Release|Any CPU
		{92A7B0E8-2AAC-4148-9765-A6DA5882234A}.Debug|Any CPU.ActiveCfg = Debug|Any CPU
		{92A7B0E8-2AAC-4148-9765-A6DA5882234A}.Debug|Any CPU.Build.0 = Debug|Any CPU
		{92A7B0E8-2AAC-4148-9765-A6DA5882234A}.Release|Any CPU.ActiveCfg = Release|Any CPU
		{92A7B0E8-2AAC-4148-9765-A6DA5882234A}.Release|Any CPU.Build.0 = Release|Any CPU
	EndGlobalSection
	GlobalSection(SolutionProperties) = preSolution
		HideSolutionNode = FALSE
	EndGlobalSection
	GlobalSection(ExtensibilityGlobals) = postSolution
		SolutionGuid = {EF5E7373-4B17-482B-8BC2-4E1255DF5F08}
	EndGlobalSection
EndGlobal
